
Microsoft Visual Studio Solution File, Format Version 12.00
# Visual Studio Version 16
VisualStudioVersion = 16.0.34601.136
MinimumVisualStudioVersion = 10.0.40219.1
Project("{FAE04EC0-301F-11D3-BF4B-00C04F79EFBC}") = "WMS2024", "WMS2024.csproj", "{1AC4FFD4-4C20-4967-B116-DDAC0823D0DF}"
EndProject
Global
	GlobalSection(SolutionConfigurationPlatforms) = preSolution
		Debug|Any CPU = Debug|Any CPU
		Release|Any CPU = Release|Any CPU
	EndGlobalSection
	GlobalSection(ProjectConfigurationPlatforms) = postSolution
		{1AC4FFD4-4C20-4967-B116-DDAC0823D0DF}.Debug|Any CPU.ActiveCfg = Debug|Any CPU
		{1AC4FFD4-4C20-4967-B116-DDAC0823D0DF}.Debug|Any CPU.Build.0 = Debug|Any CPU
		{1AC4FFD4-4C20-4967-B116-DDAC0823D0DF}.Release|Any CPU.ActiveCfg = Release|Any CPU
		{1AC4FFD4-4C20-4967-B116-DDAC0823D0DF}.Release|Any CPU.Build.0 = Release|Any CPU
	EndGlobalSection
	GlobalSection(SolutionProperties) = preSolution
		HideSolutionNode = FALSE
	EndGlobalSection
	GlobalSection(ExtensibilityGlobals) = postSolution
		SolutionGuid = {7B143DD3-24BA-4B2D-8670-ADB0FB16309F}
	EndGlobalSection
EndGlobal
